{
  "version": "5",
  "specifiers": {
    "jsr:@deno/kv-utils@*": "0.1.4",
    "jsr:@std/bytes@^1.0.3": "1.0.4",
    "jsr:@std/encoding@^1.0.5": "1.0.10"
  },
  "jsr": {
    "@deno/kv-utils@0.1.4": {
      "integrity": "119a768c8a9b1af76552b48e78457cd2fb38cc97c10b3a57cf65efe47ff9ca1a",
      "dependencies": [
        "jsr:@std/bytes",
        "jsr:@std/encoding"
      ]
    },
    "@std/bytes@1.0.4": {
      "integrity": "11a0debe522707c95c7b7ef89b478c13fb1583a7cfb9a85674cd2cc2e3a28abc"
    },
    "@std/encoding@1.0.10": {
      "integrity": "8783c6384a2d13abd5e9e87a7ae0520a30e9f56aeeaa3bdf910a3eaaf5c811a1"
    }
  },
  "workspace": {
    "packageJson": {
      "dependencies": [
        "npm:@tailwindcss/vite@4",
        "npm:alpinejs-masonry@^1.0.16",
        "npm:axios@^1.8.2",
        "npm:concurrently@^9.0.1",
        "npm:daisyui@^5.0.50",
        "npm:laravel-vite-plugin@2",
        "npm:tailwindcss@4",
        "npm:vite@^7.0.4"
      ]
    }
  }
}
